
Microsoft Visual Studio Solution File, Format Version 12.00
# Visual Studio Version 16
VisualStudioVersion = 16.0.31105.61
MinimumVisualStudioVersion = 10.0.40219.1
Project("{FAE04EC0-301F-11D3-BF4B-00C04F79EFBC}") = "05Interfaces", "05Interfaces\05Interfaces.csproj", "{5FB38241-4186-49FC-B322-60BE77DE5448}"
EndProject
Global
	GlobalSection(SolutionConfigurationPlatforms) = preSolution
		Debug|Any CPU = Debug|Any CPU
		Release|Any CPU = Release|Any CPU
	EndGlobalSection
	GlobalSection(ProjectConfigurationPlatforms) = postSolution
		{5FB38241-4186-49FC-B322-60BE77DE5448}.Debug|Any CPU.ActiveCfg = Debug|Any CPU
		{5FB38241-4186-49FC-B322-60BE77DE5448}.Debug|Any CPU.Build.0 = Debug|Any CPU
		{5FB38241-4186-49FC-B322-60BE77DE5448}.Release|Any CPU.ActiveCfg = Release|Any CPU
		{5FB38241-4186-49FC-B322-60BE77DE5448}.Release|Any CPU.Build.0 = Release|Any CPU
	EndGlobalSection
	GlobalSection(SolutionProperties) = preSolution
		HideSolutionNode = FALSE
	EndGlobalSection
	GlobalSection(ExtensibilityGlobals) = postSolution
		SolutionGuid = {7533E09E-51D9-4416-96EC-6068D6A376B5}
	EndGlobalSection
EndGlobal
